
Microsoft Visual Studio Solution File, Format Version 12.00
# Visual Studio Version 17
VisualStudioVersion = 17.0.31903.59
MinimumVisualStudioVersion = 10.0.40219.1
Project("{2150E333-8FDC-42A3-9474-1A3956D46DE8}") = "src", "src", "{F9EB891B-1597-465A-964E-AE96F963B80F}"
EndProject
Project("{FAE04EC0-301F-11D3-BF4B-00C04F79EFBC}") = "AuctionService", "src\AuctionService\AuctionService.csproj", "{9A00776A-C410-485D-BB17-17C4B18346FC}"
EndProject
Project("{FAE04EC0-301F-11D3-BF4B-00C04F79EFBC}") = "SearchService", "src\SearchService\SearchService.csproj", "{57FB1815-32F9-4996-A22B-5E1A4D0EEBCB}"
EndProject
Project("{FAE04EC0-301F-11D3-BF4B-00C04F79EFBC}") = "Contracts", "src\Contracts\Contracts.csproj", "{77CEC302-5E93-4355-87D4-AC33E4DF1C53}"
EndProject
Project("{FAE04EC0-301F-11D3-BF4B-00C04F79EFBC}") = "IdentityService", "src\IdentityService\IdentityService.csproj", "{8B0B6186-994D-477E-90C5-ACBAB4AB5B9F}"
EndProject
Project("{FAE04EC0-301F-11D3-BF4B-00C04F79EFBC}") = "GatewayService", "src\GatewayService\GatewayService.csproj", "{C372B0A5-C4E9-4F13-BF1B-089A811C9578}"
EndProject
Global
	GlobalSection(SolutionConfigurationPlatforms) = preSolution
		Debug|Any CPU = Debug|Any CPU
		Release|Any CPU = Release|Any CPU
	EndGlobalSection
	GlobalSection(ProjectConfigurationPlatforms) = postSolution
		{9A00776A-C410-485D-BB17-17C4B18346FC}.Debug|Any CPU.ActiveCfg = Debug|Any CPU
		{9A00776A-C410-485D-BB17-17C4B18346FC}.Debug|Any CPU.Build.0 = Debug|Any CPU
		{9A00776A-C410-485D-BB17-17C4B18346FC}.Release|Any CPU.ActiveCfg = Release|Any CPU
		{9A00776A-C410-485D-BB17-17C4B18346FC}.Release|Any CPU.Build.0 = Release|Any CPU
		{57FB1815-32F9-4996-A22B-5E1A4D0EEBCB}.Debug|Any CPU.ActiveCfg = Debug|Any CPU
		{57FB1815-32F9-4996-A22B-5E1A4D0EEBCB}.Debug|Any CPU.Build.0 = Debug|Any CPU
		{57FB1815-32F9-4996-A22B-5E1A4D0EEBCB}.Release|Any CPU.ActiveCfg = Release|Any CPU
		{57FB1815-32F9-4996-A22B-5E1A4D0EEBCB}.Release|Any CPU.Build.0 = Release|Any CPU
		{77CEC302-5E93-4355-87D4-AC33E4DF1C53}.Debug|Any CPU.ActiveCfg = Debug|Any CPU
		{77CEC302-5E93-4355-87D4-AC33E4DF1C53}.Debug|Any CPU.Build.0 = Debug|Any CPU
		{77CEC302-5E93-4355-87D4-AC33E4DF1C53}.Release|Any CPU.ActiveCfg = Release|Any CPU
		{77CEC302-5E93-4355-87D4-AC33E4DF1C53}.Release|Any CPU.Build.0 = Release|Any CPU
		{8B0B6186-994D-477E-90C5-ACBAB4AB5B9F}.Debug|Any CPU.ActiveCfg = Debug|Any CPU
		{8B0B6186-994D-477E-90C5-ACBAB4AB5B9F}.Debug|Any CPU.Build.0 = Debug|Any CPU
		{8B0B6186-994D-477E-90C5-ACBAB4AB5B9F}.Release|Any CPU.ActiveCfg = Release|Any CPU
		{8B0B6186-994D-477E-90C5-ACBAB4AB5B9F}.Release|Any CPU.Build.0 = Release|Any CPU
		{C372B0A5-C4E9-4F13-BF1B-089A811C9578}.Debug|Any CPU.ActiveCfg = Debug|Any CPU
		{C372B0A5-C4E9-4F13-BF1B-089A811C9578}.Debug|Any CPU.Build.0 = Debug|Any CPU
		{C372B0A5-C4E9-4F13-BF1B-089A811C9578}.Release|Any CPU.ActiveCfg = Release|Any CPU
		{C372B0A5-C4E9-4F13-BF1B-089A811C9578}.Release|Any CPU.Build.0 = Release|Any CPU
	EndGlobalSection
	GlobalSection(SolutionProperties) = preSolution
		HideSolutionNode = FALSE
	EndGlobalSection
	GlobalSection(NestedProjects) = preSolution
		{9A00776A-C410-485D-BB17-17C4B18346FC} = {F9EB891B-1597-465A-964E-AE96F963B80F}
		{57FB1815-32F9-4996-A22B-5E1A4D0EEBCB} = {F9EB891B-1597-465A-964E-AE96F963B80F}
		{77CEC302-5E93-4355-87D4-AC33E4DF1C53} = {F9EB891B-1597-465A-964E-AE96F963B80F}
		{8B0B6186-994D-477E-90C5-ACBAB4AB5B9F} = {F9EB891B-1597-465A-964E-AE96F963B80F}
		{C372B0A5-C4E9-4F13-BF1B-089A811C9578} = {F9EB891B-1597-465A-964E-AE96F963B80F}
	EndGlobalSection
EndGlobal
